<?xml version="1.0" encoding="utf-8"?>
<Project ToolsVersion="4.0" xmlns="http://schemas.microsoft.com/developer/msbuild/2003">
  <ItemGroup>
    <ClCompile Include="CameraClass.cpp">
      <Filter>Source</Filter>
    </ClCompile>
    <ClCompile Include="D3DClass.cpp">
      <Filter>Source</Filter>
    </ClCompile>
    <ClCompile Include="DDSTextureLoader.cpp">
      <Filter>Source</Filter>
    </ClCompile>
    <ClCompile Include="DirectX.cpp">
      <Filter>Source</Filter>
    </ClCompile>
    <ClCompile Include="GraphicsClass.cpp">
      <Filter>Source</Filter>
    </ClCompile>
    <ClCompile Include="InputClass.cpp">
      <Filter>Source</Filter>
    </ClCompile>
    <ClCompile Include="LightClass.cpp">
      <Filter>Source</Filter>
    </ClCompile>
    <ClCompile Include="LightShaderClass.cpp">
      <Filter>Source</Filter>
    </ClCompile>
    <ClCompile Include="ModelClass.cpp">
      <Filter>Source</Filter>
    </ClCompile>
    <ClCompile Include="stdafx.cpp">
      <Filter>Source</Filter>
    </ClCompile>
    <ClCompile Include="SystemClass.cpp">
      <Filter>Source</Filter>
    </ClCompile>
    <ClCompile Include="TextureClass.cpp">
      <Filter>Source</Filter>
    </ClCompile>
  </ItemGroup>
  <ItemGroup>
    <ClInclude Include="AlignedAllocationPolicy.h">
      <Filter>Header</Filter>
    </ClInclude>
    <ClInclude Include="CameraClass.h">
      <Filter>Header</Filter>
    </ClInclude>
    <ClInclude Include="D3DClass.h">
      <Filter>Header</Filter>
    </ClInclude>
    <ClInclude Include="DDSTextureLoader.h">
      <Filter>Header</Filter>
    </ClInclude>
    <ClInclude Include="DxDefine.h">
      <Filter>Header</Filter>
    </ClInclude>
    <ClInclude Include="GraphicsClass.h">
      <Filter>Header</Filter>
    </ClInclude>
    <ClInclude Include="InputClass.h">
      <Filter>Header</Filter>
    </ClInclude>
    <ClInclude Include="LightClass.h">
      <Filter>Header</Filter>
    </ClInclude>
    <ClInclude Include="LightShaderClass.h">
      <Filter>Header</Filter>
    </ClInclude>
    <ClInclude Include="TextureClass.h">
      <Filter>Header</Filter>
    </ClInclude>
    <ClInclude Include="targetver.h">
      <Filter>Header</Filter>
    </ClInclude>
    <ClInclude Include="SystemClass.h">
      <Filter>Header</Filter>
    </ClInclude>
    <ClInclude Include="stdafx.h">
      <Filter>Header</Filter>
    </ClInclude>
    <ClInclude Include="ModelClass.h">
      <Filter>Header</Filter>
    </ClInclude>
  </ItemGroup>
  <ItemGroup>
    <Image Include="data\seafloor.dds" />
  </ItemGroup>
  <ItemGroup>
    <None Include="light.ps" />
    <None Include="light.vs" />
  </ItemGroup>
  <ItemGroup>
    <Filter Include="Header">
      <UniqueIdentifier>{f9aa053f-3974-4b8f-96b7-feb11b5310a6}</UniqueIdentifier>
    </Filter>
    <Filter Include="Source">
      <UniqueIdentifier>{fbd4a63c-9874-4bcb-9184-95dd47468167}</UniqueIdentifier>
    </Filter>
  </ItemGroup>
</Project>