<?xml version="1.0" encoding="utf-8"?>
<Project ToolsVersion="4.0" xmlns="http://schemas.microsoft.com/developer/msbuild/2003">
  <ItemGroup>
    <ClCompile Include="TextureShaderClass.cpp">
      <Filter>Graphics\Shaders</Filter>
    </ClCompile>
    <ClCompile Include="LightShaderClass.cpp">
      <Filter>Graphics\Shaders</Filter>
    </ClCompile>
    <ClCompile Include="FontShaderClass.cpp">
      <Filter>Graphics\Shaders</Filter>
    </ClCompile>
    <ClCompile Include="DDSTextureLoader.cpp">
      <Filter>Base\Source</Filter>
    </ClCompile>
    <ClCompile Include="InputClass.cpp">
      <Filter>Base\Source</Filter>
    </ClCompile>
    <ClCompile Include="SoundClass.cpp">
      <Filter>Base\Source</Filter>
    </ClCompile>
    <ClCompile Include="stdafx.cpp">
      <Filter>Base\Source</Filter>
    </ClCompile>
    <ClCompile Include="CPUClass.cpp">
      <Filter>Base\Source</Filter>
    </ClCompile>
    <ClCompile Include="FPSClass.cpp">
      <Filter>Base\Source</Filter>
    </ClCompile>
    <ClCompile Include="TimerClass.cpp">
      <Filter>Base\Source</Filter>
    </ClCompile>
    <ClCompile Include="ShaderClass.cpp">
      <Filter>Graphics\Shaders</Filter>
    </ClCompile>
    <ClCompile Include="PositionClass.cpp">
      <Filter>Base\Source</Filter>
    </ClCompile>
    <ClCompile Include="DirectX.cpp">
      <Filter>Main</Filter>
    </ClCompile>
    <ClCompile Include="SystemClass.cpp">
      <Filter>Base\Source</Filter>
    </ClCompile>
    <ClCompile Include="MultiTextureShaderClass.cpp">
      <Filter>Graphics\Shaders</Filter>
    </ClCompile>
    <ClCompile Include="BitmapClass.cpp">
      <Filter>Graphics\Others</Filter>
    </ClCompile>
    <ClCompile Include="CameraClass.cpp">
      <Filter>Graphics\Others</Filter>
    </ClCompile>
    <ClCompile Include="D3DClass.cpp">
      <Filter>Graphics\Others</Filter>
    </ClCompile>
    <ClCompile Include="FontClass.cpp">
      <Filter>Graphics\Others</Filter>
    </ClCompile>
    <ClCompile Include="FrustumClass.cpp">
      <Filter>Graphics\Others</Filter>
    </ClCompile>
    <ClCompile Include="LightClass.cpp">
      <Filter>Graphics\Others</Filter>
    </ClCompile>
    <ClCompile Include="ModelClass.cpp">
      <Filter>Graphics\Others</Filter>
    </ClCompile>
    <ClCompile Include="ModelListClass.cpp">
      <Filter>Graphics\Others</Filter>
    </ClCompile>
    <ClCompile Include="TextClass.cpp">
      <Filter>Graphics\Others</Filter>
    </ClCompile>
    <ClCompile Include="TextureClass.cpp">
      <Filter>Graphics\Others</Filter>
    </ClCompile>
    <ClCompile Include="GraphicsClass.cpp">
      <Filter>Graphics\Main</Filter>
    </ClCompile>
    <ClCompile Include="TextureArrayClass.cpp">
      <Filter>Graphics\Others</Filter>
    </ClCompile>
    <ClCompile Include="BumpMapShaderClass.cpp">
      <Filter>Graphics\Shaders</Filter>
    </ClCompile>
    <ClCompile Include="SpecMapShaderClass.cpp">
      <Filter>Graphics\Shaders</Filter>
    </ClCompile>
    <ClCompile Include="DebugWindowClass.cpp">
      <Filter>Graphics\Others</Filter>
    </ClCompile>
    <ClCompile Include="RenderTextureClass.cpp">
      <Filter>Graphics\Shaders</Filter>
    </ClCompile>
    <ClCompile Include="FogShaderClass.cpp" />
    <ClCompile Include="BaseBuffer.cpp" />
  </ItemGroup>
  <ItemGroup>
    <ClInclude Include="FontShaderClass.h">
      <Filter>Graphics\Shaders</Filter>
    </ClInclude>
    <ClInclude Include="LightShaderClass.h">
      <Filter>Graphics\Shaders</Filter>
    </ClInclude>
    <ClInclude Include="TextureShaderClass.h">
      <Filter>Graphics\Shaders</Filter>
    </ClInclude>
    <ClInclude Include="DDSTextureLoader.h">
      <Filter>Base\Header</Filter>
    </ClInclude>
    <ClInclude Include="DxDefine.h">
      <Filter>Base\Header</Filter>
    </ClInclude>
    <ClInclude Include="InputClass.h">
      <Filter>Base\Header</Filter>
    </ClInclude>
    <ClInclude Include="SoundClass.h">
      <Filter>Base\Header</Filter>
    </ClInclude>
    <ClInclude Include="stdafx.h">
      <Filter>Base\Header</Filter>
    </ClInclude>
    <ClInclude Include="CPUClass.h">
      <Filter>Base\Header</Filter>
    </ClInclude>
    <ClInclude Include="FPSClass.h">
      <Filter>Base\Header</Filter>
    </ClInclude>
    <ClInclude Include="TimerClass.h">
      <Filter>Base\Header</Filter>
    </ClInclude>
    <ClInclude Include="targetver.h">
      <Filter>Base\Header</Filter>
    </ClInclude>
    <ClInclude Include="PositionClass.h">
      <Filter>Base\Header</Filter>
    </ClInclude>
    <ClInclude Include="SystemClass.h">
      <Filter>Base\Header</Filter>
    </ClInclude>
    <ClInclude Include="ShaderClass.h">
      <Filter>Graphics\Shaders</Filter>
    </ClInclude>
    <ClInclude Include="MultiTextureShaderClass.h">
      <Filter>Graphics\Shaders</Filter>
    </ClInclude>
    <ClInclude Include="BitmapClass.h">
      <Filter>Graphics\Others</Filter>
    </ClInclude>
    <ClInclude Include="CameraClass.h">
      <Filter>Graphics\Others</Filter>
    </ClInclude>
    <ClInclude Include="D3DClass.h">
      <Filter>Graphics\Others</Filter>
    </ClInclude>
    <ClInclude Include="FontClass.h">
      <Filter>Graphics\Others</Filter>
    </ClInclude>
    <ClInclude Include="FrustumClass.h">
      <Filter>Graphics\Others</Filter>
    </ClInclude>
    <ClInclude Include="LightClass.h">
      <Filter>Graphics\Others</Filter>
    </ClInclude>
    <ClInclude Include="ModelClass.h">
      <Filter>Graphics\Others</Filter>
    </ClInclude>
    <ClInclude Include="ModelListClass.h">
      <Filter>Graphics\Others</Filter>
    </ClInclude>
    <ClInclude Include="TextClass.h">
      <Filter>Graphics\Others</Filter>
    </ClInclude>
    <ClInclude Include="TextureClass.h">
      <Filter>Graphics\Others</Filter>
    </ClInclude>
    <ClInclude Include="GraphicsClass.h">
      <Filter>Graphics\Main</Filter>
    </ClInclude>
    <ClInclude Include="TextureArrayClass.h">
      <Filter>Graphics\Others</Filter>
    </ClInclude>
    <ClInclude Include="BumpMapShaderClass.h">
      <Filter>Graphics\Shaders</Filter>
    </ClInclude>
    <ClInclude Include="SpecMapShaderClass.h">
      <Filter>Graphics\Shaders</Filter>
    </ClInclude>
    <ClInclude Include="DebugWindowClass.h">
      <Filter>Graphics\Others</Filter>
    </ClInclude>
    <ClInclude Include="RenderTextureClass.h">
      <Filter>Graphics\Shaders</Filter>
    </ClInclude>
    <ClInclude Include="FogShaderClass.h" />
    <ClInclude Include="BaseBuffer.h" />
  </ItemGroup>
  <ItemGroup>
    <Filter Include="hlsl">
      <UniqueIdentifier>{43ecd77a-8fbc-4b7c-85da-49233d86a6bc}</UniqueIdentifier>
    </Filter>
    <Filter Include="Resource">
      <UniqueIdentifier>{cd91971b-866f-45de-992b-22a22874516c}</UniqueIdentifier>
    </Filter>
    <Filter Include="Base">
      <UniqueIdentifier>{36e19650-61a5-4c1c-8df0-61fedc6da436}</UniqueIdentifier>
    </Filter>
    <Filter Include="Base\Header">
      <UniqueIdentifier>{7f9a7381-2274-4e99-866a-05c2a10d4c1b}</UniqueIdentifier>
    </Filter>
    <Filter Include="Base\Source">
      <UniqueIdentifier>{2665df28-8b68-4b4f-bd5a-6853d065ab62}</UniqueIdentifier>
    </Filter>
    <Filter Include="Graphics">
      <UniqueIdentifier>{4f6a94bb-5a8d-4a48-9c4c-95ac1d2f5da3}</UniqueIdentifier>
    </Filter>
    <Filter Include="Graphics\Shaders">
      <UniqueIdentifier>{7b0dde0b-5476-47c4-9c36-01536c4d1b0f}</UniqueIdentifier>
    </Filter>
    <Filter Include="Main">
      <UniqueIdentifier>{afdd31ea-3847-43bb-9400-4826177c0afa}</UniqueIdentifier>
    </Filter>
    <Filter Include="Graphics\Others">
      <UniqueIdentifier>{f72e38eb-76fc-4ea1-8d99-dee6ce6032ca}</UniqueIdentifier>
    </Filter>
    <Filter Include="Graphics\Main">
      <UniqueIdentifier>{83f0c24f-d239-4a35-afd5-d2eec512276a}</UniqueIdentifier>
    </Filter>
  </ItemGroup>
  <ItemGroup>
    <Image Include="data\seafloor.dds">
      <Filter>Resource</Filter>
    </Image>
    <Image Include="data\font.dds">
      <Filter>Resource</Filter>
    </Image>
    <Image Include="data\dirt01.dds">
      <Filter>Resource</Filter>
    </Image>
    <Image Include="data\light01.dds">
      <Filter>Resource</Filter>
    </Image>
    <Image Include="data\stone01.dds">
      <Filter>Resource</Filter>
    </Image>
  </ItemGroup>
  <ItemGroup>
    <Text Include="data\cube.txt">
      <Filter>Resource</Filter>
    </Text>
    <Text Include="data\fontdata.txt">
      <Filter>Resource</Filter>
    </Text>
    <Text Include="data\square.txt">
      <Filter>Resource</Filter>
    </Text>
  </ItemGroup>
  <ItemGroup>
    <Media Include="data\sound01.wav">
      <Filter>Resource</Filter>
    </Media>
  </ItemGroup>
  <ItemGroup>
    <None Include="hlsl\font.ps">
      <Filter>hlsl</Filter>
    </None>
    <None Include="hlsl\font.vs">
      <Filter>hlsl</Filter>
    </None>
    <None Include="hlsl\Light.ps">
      <Filter>hlsl</Filter>
    </None>
    <None Include="hlsl\Light.vs">
      <Filter>hlsl</Filter>
    </None>
    <None Include="hlsl\multitexture.ps">
      <Filter>hlsl</Filter>
    </None>
    <None Include="hlsl\multitexture.vs">
      <Filter>hlsl</Filter>
    </None>
    <None Include="hlsl\texture.ps">
      <Filter>hlsl</Filter>
    </None>
    <None Include="hlsl\texture.vs">
      <Filter>hlsl</Filter>
    </None>
  </ItemGroup>
  <ItemGroup>
    <FxCompile Include="hlsl\LightMapPixelShader.hlsl">
      <Filter>hlsl</Filter>
    </FxCompile>
    <FxCompile Include="hlsl\LightMapVertexShader.hlsl">
      <Filter>hlsl</Filter>
    </FxCompile>
    <FxCompile Include="hlsl\AlphamapPixelShader.hlsl">
      <Filter>hlsl</Filter>
    </FxCompile>
    <FxCompile Include="hlsl\AlphamapVertexShader.hlsl">
      <Filter>hlsl</Filter>
    </FxCompile>
    <FxCompile Include="hlsl\BumpPixelShader.hlsl">
      <Filter>hlsl</Filter>
    </FxCompile>
    <FxCompile Include="hlsl\BumpVertexShader.hlsl">
      <Filter>hlsl</Filter>
    </FxCompile>
    <FxCompile Include="hlsl\SpecmapPixelShader.hlsl">
      <Filter>hlsl</Filter>
    </FxCompile>
    <FxCompile Include="hlsl\SpecmapVertexShader.hlsl">
      <Filter>hlsl</Filter>
    </FxCompile>
    <FxCompile Include="hlsl\FogPixelShader.hlsl">
      <Filter>hlsl</Filter>
    </FxCompile>
    <FxCompile Include="hlsl\FogVertexShader.hlsl">
      <Filter>hlsl</Filter>
    </FxCompile>
  </ItemGroup>
</Project>