<?xml version="1.0" encoding="utf-8"?>
<Project ToolsVersion="4.0" xmlns="http://schemas.microsoft.com/developer/msbuild/2003">
  <ItemGroup>
    <ClCompile Include="GraphicsClass.cpp">
      <Filter>Source</Filter>
    </ClCompile>
    <ClCompile Include="LightClass.cpp">
      <Filter>Source</Filter>
    </ClCompile>
    <ClCompile Include="ModelClass.cpp">
      <Filter>Source</Filter>
    </ClCompile>
    <ClCompile Include="SystemClass.cpp">
      <Filter>Source</Filter>
    </ClCompile>
    <ClCompile Include="TextureClass.cpp">
      <Filter>Source</Filter>
    </ClCompile>
    <ClCompile Include="BitmapClass.cpp">
      <Filter>Source</Filter>
    </ClCompile>
    <ClCompile Include="FontClass.cpp">
      <Filter>Source</Filter>
    </ClCompile>
    <ClCompile Include="ShaderClass.cpp">
      <Filter>Source</Filter>
    </ClCompile>
    <ClCompile Include="TextClass.cpp">
      <Filter>Source</Filter>
    </ClCompile>
    <ClCompile Include="TextureShaderClass.cpp">
      <Filter>Shaders</Filter>
    </ClCompile>
    <ClCompile Include="LightShaderClass.cpp">
      <Filter>Shaders</Filter>
    </ClCompile>
    <ClCompile Include="FontShaderClass.cpp">
      <Filter>Shaders</Filter>
    </ClCompile>
    <ClCompile Include="CameraClass.cpp">
      <Filter>Base</Filter>
    </ClCompile>
    <ClCompile Include="D3DClass.cpp">
      <Filter>Base</Filter>
    </ClCompile>
    <ClCompile Include="DDSTextureLoader.cpp">
      <Filter>Base</Filter>
    </ClCompile>
    <ClCompile Include="DirectX.cpp">
      <Filter>Base</Filter>
    </ClCompile>
    <ClCompile Include="InputClass.cpp">
      <Filter>Base</Filter>
    </ClCompile>
    <ClCompile Include="stdafx.cpp">
      <Filter>Base</Filter>
    </ClCompile>
    <ClCompile Include="SoundClass.cpp">
      <Filter>Base</Filter>
    </ClCompile>
  </ItemGroup>
  <ItemGroup>
    <ClInclude Include="GraphicsClass.h">
      <Filter>Header</Filter>
    </ClInclude>
    <ClInclude Include="LightClass.h">
      <Filter>Header</Filter>
    </ClInclude>
    <ClInclude Include="TextureClass.h">
      <Filter>Header</Filter>
    </ClInclude>
    <ClInclude Include="targetver.h">
      <Filter>Header</Filter>
    </ClInclude>
    <ClInclude Include="SystemClass.h">
      <Filter>Header</Filter>
    </ClInclude>
    <ClInclude Include="ModelClass.h">
      <Filter>Header</Filter>
    </ClInclude>
    <ClInclude Include="BitmapClass.h">
      <Filter>Header</Filter>
    </ClInclude>
    <ClInclude Include="FontClass.h">
      <Filter>Header</Filter>
    </ClInclude>
    <ClInclude Include="ShaderClass.h">
      <Filter>Header</Filter>
    </ClInclude>
    <ClInclude Include="TextClass.h">
      <Filter>Header</Filter>
    </ClInclude>
    <ClInclude Include="FontShaderClass.h">
      <Filter>Shaders</Filter>
    </ClInclude>
    <ClInclude Include="LightShaderClass.h">
      <Filter>Shaders</Filter>
    </ClInclude>
    <ClInclude Include="TextureShaderClass.h">
      <Filter>Shaders</Filter>
    </ClInclude>
    <ClInclude Include="CameraClass.h">
      <Filter>Base</Filter>
    </ClInclude>
    <ClInclude Include="D3DClass.h">
      <Filter>Base</Filter>
    </ClInclude>
    <ClInclude Include="DDSTextureLoader.h">
      <Filter>Base</Filter>
    </ClInclude>
    <ClInclude Include="DxDefine.h">
      <Filter>Base</Filter>
    </ClInclude>
    <ClInclude Include="InputClass.h">
      <Filter>Base</Filter>
    </ClInclude>
    <ClInclude Include="stdafx.h">
      <Filter>Base</Filter>
    </ClInclude>
    <ClInclude Include="SoundClass.h">
      <Filter>Base</Filter>
    </ClInclude>
  </ItemGroup>
  <ItemGroup>
    <None Include="light.vs">
      <Filter>hlsl</Filter>
    </None>
    <None Include="light.ps">
      <Filter>hlsl</Filter>
    </None>
    <None Include="texture.ps">
      <Filter>hlsl</Filter>
    </None>
    <None Include="texture.vs">
      <Filter>hlsl</Filter>
    </None>
    <None Include="font.vs">
      <Filter>hlsl</Filter>
    </None>
    <None Include="font.ps">
      <Filter>hlsl</Filter>
    </None>
  </ItemGroup>
  <ItemGroup>
    <Filter Include="Header">
      <UniqueIdentifier>{f9aa053f-3974-4b8f-96b7-feb11b5310a6}</UniqueIdentifier>
    </Filter>
    <Filter Include="Source">
      <UniqueIdentifier>{fbd4a63c-9874-4bcb-9184-95dd47468167}</UniqueIdentifier>
    </Filter>
    <Filter Include="hlsl">
      <UniqueIdentifier>{43ecd77a-8fbc-4b7c-85da-49233d86a6bc}</UniqueIdentifier>
    </Filter>
    <Filter Include="Resource">
      <UniqueIdentifier>{cd91971b-866f-45de-992b-22a22874516c}</UniqueIdentifier>
    </Filter>
    <Filter Include="Shaders">
      <UniqueIdentifier>{7b0dde0b-5476-47c4-9c36-01536c4d1b0f}</UniqueIdentifier>
    </Filter>
    <Filter Include="Base">
      <UniqueIdentifier>{36e19650-61a5-4c1c-8df0-61fedc6da436}</UniqueIdentifier>
    </Filter>
  </ItemGroup>
  <ItemGroup>
    <Image Include="data\seafloor.dds">
      <Filter>Resource</Filter>
    </Image>
    <Image Include="data\font.dds">
      <Filter>Resource</Filter>
    </Image>
  </ItemGroup>
  <ItemGroup>
    <Text Include="data\cube.txt">
      <Filter>Resource</Filter>
    </Text>
    <Text Include="data\fontdata.txt">
      <Filter>Resource</Filter>
    </Text>
  </ItemGroup>
  <ItemGroup>
    <Media Include="data\sound01.wav">
      <Filter>Resource</Filter>
    </Media>
  </ItemGroup>
</Project>